
Microsoft Visual Studio Solution File, Format Version 12.00
# Visual Studio 15
VisualStudioVersion = 15.0.28307.168
MinimumVisualStudioVersion = 10.0.40219.1
Project("{FAE04EC0-301F-11D3-BF4B-00C04F79EFBC}") = "ExtendedShutdown", "ExtendedShutdown\ExtendedShutdown.csproj", "{9C78AD15-97F8-43AD-B6AF-85DFDD4E6077}"
EndProject
Project("{2150E333-8FDC-42A3-9474-1A3956D46DE8}") = "Solution Items", "Solution Items", "{075AC39C-B64C-421E-BF40-86EF18F6B5A5}"
	ProjectSection(SolutionItems) = preProject
		.editorconfig = .editorconfig
	EndProjectSection
EndProject
Global
	GlobalSection(SolutionConfigurationPlatforms) = preSolution
		Debug|Any CPU = Debug|Any CPU
		Release|Any CPU = Release|Any CPU
	EndGlobalSection
	GlobalSection(ProjectConfigurationPlatforms) = postSolution
		{9C78AD15-97F8-43AD-B6AF-85DFDD4E6077}.Debug|Any CPU.ActiveCfg = Debug|Any CPU
		{9C78AD15-97F8-43AD-B6AF-85DFDD4E6077}.Debug|Any CPU.Build.0 = Debug|Any CPU
		{9C78AD15-97F8-43AD-B6AF-85DFDD4E6077}.Release|Any CPU.ActiveCfg = Release|Any CPU
		{9C78AD15-97F8-43AD-B6AF-85DFDD4E6077}.Release|Any CPU.Build.0 = Release|Any CPU
	EndGlobalSection
	GlobalSection(SolutionProperties) = preSolution
		HideSolutionNode = FALSE
	EndGlobalSection
	GlobalSection(ExtensibilityGlobals) = postSolution
		SolutionGuid = {DD5B24EA-71EB-4A65-BEC4-6A5FBDDBA908}
	EndGlobalSection
EndGlobal
